
Microsoft Visual Studio Solution File, Format Version 12.00
# Visual Studio Version 17
VisualStudioVersion = 17.9.34728.123
MinimumVisualStudioVersion = 10.0.40219.1
Project("{2150E333-8FDC-42A3-9474-1A3956D46DE8}") = "Core", "Core", "{5FD7C65D-09B5-46FD-9601-1937F66810D0}"
EndProject
Project("{FAE04EC0-301F-11D3-BF4B-00C04F79EFBC}") = "ECommerceApp.Domain", "ECommerceApp.Domain\ECommerceApp.Domain.csproj", "{47B62CBE-D05B-4BEB-9655-3031B49D8A8B}"
EndProject
Project("{FAE04EC0-301F-11D3-BF4B-00C04F79EFBC}") = "ECommerceApp.Application", "ECommerceApp.Application\ECommerceApp.Application.csproj", "{0FA25E11-3458-4907-8ECD-86CEFC0F84A3}"
EndProject
Project("{2150E333-8FDC-42A3-9474-1A3956D46DE8}") = "Infrastructure", "Infrastructure", "{D09A1FBF-5F9D-42DC-9269-760D00195DE6}"
EndProject
Project("{FAE04EC0-301F-11D3-BF4B-00C04F79EFBC}") = "ECommerceApp.Infrastructure", "ECommerceApp.Infrastructure\ECommerceApp.Infrastructure.csproj", "{F0CC8773-FF2C-4533-8C5C-0700E98103DE}"
EndProject
Project("{2150E333-8FDC-42A3-9474-1A3956D46DE8}") = "Presentation", "Presentation", "{F47D8B55-9069-483A-B726-42C10C5B336D}"
EndProject
Project("{FAE04EC0-301F-11D3-BF4B-00C04F79EFBC}") = "ECommerceApp.API", "ECommerceApp.API\ECommerceApp.API.csproj", "{857A5421-B3C2-4F47-9799-1A592A71C31F}"
EndProject
Project("{FAE04EC0-301F-11D3-BF4B-00C04F79EFBC}") = "ECommerceApp.Persistence", "ECommerceApp.Persistence\ECommerceApp.Persistence.csproj", "{36BB1B66-C9B7-45B9-A6AB-2511B280CF59}"
EndProject
Global
	GlobalSection(SolutionConfigurationPlatforms) = preSolution
		Debug|Any CPU = Debug|Any CPU
		Release|Any CPU = Release|Any CPU
	EndGlobalSection
	GlobalSection(ProjectConfigurationPlatforms) = postSolution
		{47B62CBE-D05B-4BEB-9655-3031B49D8A8B}.Debug|Any CPU.ActiveCfg = Debug|Any CPU
		{47B62CBE-D05B-4BEB-9655-3031B49D8A8B}.Debug|Any CPU.Build.0 = Debug|Any CPU
		{47B62CBE-D05B-4BEB-9655-3031B49D8A8B}.Release|Any CPU.ActiveCfg = Release|Any CPU
		{47B62CBE-D05B-4BEB-9655-3031B49D8A8B}.Release|Any CPU.Build.0 = Release|Any CPU
		{0FA25E11-3458-4907-8ECD-86CEFC0F84A3}.Debug|Any CPU.ActiveCfg = Debug|Any CPU
		{0FA25E11-3458-4907-8ECD-86CEFC0F84A3}.Debug|Any CPU.Build.0 = Debug|Any CPU
		{0FA25E11-3458-4907-8ECD-86CEFC0F84A3}.Release|Any CPU.ActiveCfg = Release|Any CPU
		{0FA25E11-3458-4907-8ECD-86CEFC0F84A3}.Release|Any CPU.Build.0 = Release|Any CPU
		{F0CC8773-FF2C-4533-8C5C-0700E98103DE}.Debug|Any CPU.ActiveCfg = Debug|Any CPU
		{F0CC8773-FF2C-4533-8C5C-0700E98103DE}.Debug|Any CPU.Build.0 = Debug|Any CPU
		{F0CC8773-FF2C-4533-8C5C-0700E98103DE}.Release|Any CPU.ActiveCfg = Release|Any CPU
		{F0CC8773-FF2C-4533-8C5C-0700E98103DE}.Release|Any CPU.Build.0 = Release|Any CPU
		{857A5421-B3C2-4F47-9799-1A592A71C31F}.Debug|Any CPU.ActiveCfg = Debug|Any CPU
		{857A5421-B3C2-4F47-9799-1A592A71C31F}.Debug|Any CPU.Build.0 = Debug|Any CPU
		{857A5421-B3C2-4F47-9799-1A592A71C31F}.Release|Any CPU.ActiveCfg = Release|Any CPU
		{857A5421-B3C2-4F47-9799-1A592A71C31F}.Release|Any CPU.Build.0 = Release|Any CPU
		{36BB1B66-C9B7-45B9-A6AB-2511B280CF59}.Debug|Any CPU.ActiveCfg = Debug|Any CPU
		{36BB1B66-C9B7-45B9-A6AB-2511B280CF59}.Debug|Any CPU.Build.0 = Debug|Any CPU
		{36BB1B66-C9B7-45B9-A6AB-2511B280CF59}.Release|Any CPU.ActiveCfg = Release|Any CPU
		{36BB1B66-C9B7-45B9-A6AB-2511B280CF59}.Release|Any CPU.Build.0 = Release|Any CPU
	EndGlobalSection
	GlobalSection(SolutionProperties) = preSolution
		HideSolutionNode = FALSE
	EndGlobalSection
	GlobalSection(NestedProjects) = preSolution
		{47B62CBE-D05B-4BEB-9655-3031B49D8A8B} = {5FD7C65D-09B5-46FD-9601-1937F66810D0}
		{0FA25E11-3458-4907-8ECD-86CEFC0F84A3} = {5FD7C65D-09B5-46FD-9601-1937F66810D0}
		{F0CC8773-FF2C-4533-8C5C-0700E98103DE} = {D09A1FBF-5F9D-42DC-9269-760D00195DE6}
		{857A5421-B3C2-4F47-9799-1A592A71C31F} = {F47D8B55-9069-483A-B726-42C10C5B336D}
		{36BB1B66-C9B7-45B9-A6AB-2511B280CF59} = {D09A1FBF-5F9D-42DC-9269-760D00195DE6}
	EndGlobalSection
	GlobalSection(ExtensibilityGlobals) = postSolution
		SolutionGuid = {F575833C-A598-412B-BD5B-B0F221171E6F}
	EndGlobalSection
EndGlobal
